
Microsoft Visual Studio Solution File, Format Version 12.00
# Visual Studio 15
VisualStudioVersion = 15.0.27428.2015
MinimumVisualStudioVersion = 10.0.40219.1
Project("{FAE04EC0-301F-11D3-BF4B-00C04F79EFBC}") = "BatMon.ScheduledTasks", "BatMon.ScheduledTasks\BatMon.ScheduledTasks.csproj", "{D8E6785B-AB3F-47CD-A7B0-80BC0D3FBDDA}"
EndProject
Project("{FAE04EC0-301F-11D3-BF4B-00C04F79EFBC}") = "BatMon.Framework", "BatMon.Framework\BatMon.Framework.csproj", "{1AC1CB3A-98D0-499B-8AEF-7043C78A4DC6}"
EndProject
Project("{FAE04EC0-301F-11D3-BF4B-00C04F79EFBC}") = "BatMon.WindowsShare", "BatMon.WindowsShare\BatMon.WindowsShare.csproj", "{948121BA-9E79-4B6C-B215-67FABD36BB84}"
EndProject
Project("{FAE04EC0-301F-11D3-BF4B-00C04F79EFBC}") = "BatMon.Framework.TestHarness", "BatMon.Framework.TestHarness\BatMon.Framework.TestHarness.csproj", "{515DE1B6-92E0-4BA0-BE60-F874474F8C12}"
EndProject
Project("{FAE04EC0-301F-11D3-BF4B-00C04F79EFBC}") = "BatMon", "BatMon\BatMon.csproj", "{C68A0E97-28F2-4368-B2D2-D259727A5E23}"
	ProjectSection(ProjectDependencies) = postProject
		{D8E6785B-AB3F-47CD-A7B0-80BC0D3FBDDA} = {D8E6785B-AB3F-47CD-A7B0-80BC0D3FBDDA}
		{C5BD6183-ACA8-4341-B603-1518664EA06E} = {C5BD6183-ACA8-4341-B603-1518664EA06E}
		{948121BA-9E79-4B6C-B215-67FABD36BB84} = {948121BA-9E79-4B6C-B215-67FABD36BB84}
	EndProjectSection
EndProject
Project("{FAE04EC0-301F-11D3-BF4B-00C04F79EFBC}") = "BatMon.Framework.Web", "BatMon.Framework.Web\BatMon.Framework.Web.csproj", "{DCAD985A-F79F-430E-85E8-456013AEDB53}"
EndProject
Project("{FAE04EC0-301F-11D3-BF4B-00C04F79EFBC}") = "BatMon.AllPlugins", "BatMon.AllPlugins\BatMon.AllPlugins.csproj", "{C5BD6183-ACA8-4341-B603-1518664EA06E}"
EndProject
Project("{2150E333-8FDC-42A3-9474-1A3956D46DE8}") = "Installer Package", "Installer Package", "{0DB0153C-562B-4071-BBAE-9DFDE0D411C6}"
	ProjectSection(SolutionItems) = preProject
		Installer Package\BatMon Installer.nsi = Installer Package\BatMon Installer.nsi
		Installer Package\GetAssemblyValue.exe = Installer Package\GetAssemblyValue.exe
		Installer Package\INILib.dll = Installer Package\INILib.dll
		Installer Package\Local.ico = Installer Package\Local.ico
		Installer Package\NSISEmbeddedListBuilder.exe = Installer Package\NSISEmbeddedListBuilder.exe
		Installer Package\Online.ico = Installer Package\Online.ico
		Installer Package\Plugin Installer.nsi = Installer Package\Plugin Installer.nsi
		Installer Package\Plugins.ini = Installer Package\Plugins.ini
		Installer Package\vsBuildEvent.ps1 = Installer Package\vsBuildEvent.ps1
		Installer Package\vsBuildEvent_Plugins.ps1 = Installer Package\vsBuildEvent_Plugins.ps1
	EndProjectSection
EndProject
Project("{2150E333-8FDC-42A3-9474-1A3956D46DE8}") = "Default Config", "Default Config", "{39B39A86-FCBB-4CE9-B25B-0DF970689906}"
	ProjectSection(SolutionItems) = preProject
		Installer Package\Default Config\BatMon.exe.config = Installer Package\Default Config\BatMon.exe.config
		Installer Package\Default Config\BatMon.ScheduledTasks.dll.config = Installer Package\Default Config\BatMon.ScheduledTasks.dll.config
		Installer Package\Default Config\BatMon.UriMonitor.dll.config = Installer Package\Default Config\BatMon.UriMonitor.dll.config
		Installer Package\Default Config\BatMon.WindowsShare.dll.config = Installer Package\Default Config\BatMon.WindowsShare.dll.config
	EndProjectSection
EndProject
Project("{2150E333-8FDC-42A3-9474-1A3956D46DE8}") = "Plugins", "Plugins", "{AB786327-E8BA-4046-BD4C-5387A897F324}"
EndProject
Project("{2150E333-8FDC-42A3-9474-1A3956D46DE8}") = "Core", "Core", "{944281C8-A25C-459C-9936-CC07E78E2F3C}"
EndProject
Project("{FAE04EC0-301F-11D3-BF4B-00C04F79EFBC}") = "BatMon.ActiveDirectory", "BatMon.ActiveDirectory\BatMon.ActiveDirectory.csproj", "{DC2AA89E-C9FC-45DD-96A5-0C851BE84820}"
EndProject
Project("{FAE04EC0-301F-11D3-BF4B-00C04F79EFBC}") = "BatMon.UriMonitor", "BatMon.UriMonitor\BatMon.UriMonitor.csproj", "{6551177D-EC6D-4580-B019-8FD7A78210EC}"
EndProject
Project("{FAE04EC0-301F-11D3-BF4B-00C04F79EFBC}") = "BatMon.ActiveConnections", "BatMon.ActiveConnections\BatMon.ActiveConnections.csproj", "{FA7F7511-89CE-4B3A-89DC-4CBC52074B02}"
EndProject
Project("{2150E333-8FDC-42A3-9474-1A3956D46DE8}") = "Default", "Default", "{410666FC-0436-45DD-8886-1FBD0D595FA6}"
EndProject
Project("{2150E333-8FDC-42A3-9474-1A3956D46DE8}") = "Optional", "Optional", "{03D33FE5-5181-49FE-A412-637937D757DC}"
EndProject
Project("{2150E333-8FDC-42A3-9474-1A3956D46DE8}") = "Required", "Required", "{3E054005-8060-424C-9E17-F2483EA96606}"
EndProject
Global
	GlobalSection(SolutionConfigurationPlatforms) = preSolution
		Debug|Any CPU = Debug|Any CPU
		Release|Any CPU = Release|Any CPU
	EndGlobalSection
	GlobalSection(ProjectConfigurationPlatforms) = postSolution
		{D8E6785B-AB3F-47CD-A7B0-80BC0D3FBDDA}.Debug|Any CPU.ActiveCfg = Debug|Any CPU
		{D8E6785B-AB3F-47CD-A7B0-80BC0D3FBDDA}.Debug|Any CPU.Build.0 = Debug|Any CPU
		{D8E6785B-AB3F-47CD-A7B0-80BC0D3FBDDA}.Release|Any CPU.ActiveCfg = Release|Any CPU
		{D8E6785B-AB3F-47CD-A7B0-80BC0D3FBDDA}.Release|Any CPU.Build.0 = Release|Any CPU
		{1AC1CB3A-98D0-499B-8AEF-7043C78A4DC6}.Debug|Any CPU.ActiveCfg = Debug|Any CPU
		{1AC1CB3A-98D0-499B-8AEF-7043C78A4DC6}.Debug|Any CPU.Build.0 = Debug|Any CPU
		{1AC1CB3A-98D0-499B-8AEF-7043C78A4DC6}.Release|Any CPU.ActiveCfg = Release|Any CPU
		{1AC1CB3A-98D0-499B-8AEF-7043C78A4DC6}.Release|Any CPU.Build.0 = Release|Any CPU
		{948121BA-9E79-4B6C-B215-67FABD36BB84}.Debug|Any CPU.ActiveCfg = Debug|Any CPU
		{948121BA-9E79-4B6C-B215-67FABD36BB84}.Debug|Any CPU.Build.0 = Debug|Any CPU
		{948121BA-9E79-4B6C-B215-67FABD36BB84}.Release|Any CPU.ActiveCfg = Release|Any CPU
		{948121BA-9E79-4B6C-B215-67FABD36BB84}.Release|Any CPU.Build.0 = Release|Any CPU
		{515DE1B6-92E0-4BA0-BE60-F874474F8C12}.Debug|Any CPU.ActiveCfg = Debug|Any CPU
		{515DE1B6-92E0-4BA0-BE60-F874474F8C12}.Debug|Any CPU.Build.0 = Debug|Any CPU
		{515DE1B6-92E0-4BA0-BE60-F874474F8C12}.Release|Any CPU.ActiveCfg = Release|Any CPU
		{515DE1B6-92E0-4BA0-BE60-F874474F8C12}.Release|Any CPU.Build.0 = Release|Any CPU
		{C68A0E97-28F2-4368-B2D2-D259727A5E23}.Debug|Any CPU.ActiveCfg = Debug|Any CPU
		{C68A0E97-28F2-4368-B2D2-D259727A5E23}.Debug|Any CPU.Build.0 = Debug|Any CPU
		{C68A0E97-28F2-4368-B2D2-D259727A5E23}.Release|Any CPU.ActiveCfg = Release|Any CPU
		{C68A0E97-28F2-4368-B2D2-D259727A5E23}.Release|Any CPU.Build.0 = Release|Any CPU
		{DCAD985A-F79F-430E-85E8-456013AEDB53}.Debug|Any CPU.ActiveCfg = Debug|Any CPU
		{DCAD985A-F79F-430E-85E8-456013AEDB53}.Debug|Any CPU.Build.0 = Debug|Any CPU
		{DCAD985A-F79F-430E-85E8-456013AEDB53}.Release|Any CPU.ActiveCfg = Release|Any CPU
		{DCAD985A-F79F-430E-85E8-456013AEDB53}.Release|Any CPU.Build.0 = Release|Any CPU
		{C5BD6183-ACA8-4341-B603-1518664EA06E}.Debug|Any CPU.ActiveCfg = Debug|Any CPU
		{C5BD6183-ACA8-4341-B603-1518664EA06E}.Debug|Any CPU.Build.0 = Debug|Any CPU
		{C5BD6183-ACA8-4341-B603-1518664EA06E}.Release|Any CPU.ActiveCfg = Release|Any CPU
		{C5BD6183-ACA8-4341-B603-1518664EA06E}.Release|Any CPU.Build.0 = Release|Any CPU
		{DC2AA89E-C9FC-45DD-96A5-0C851BE84820}.Debug|Any CPU.ActiveCfg = Debug|Any CPU
		{DC2AA89E-C9FC-45DD-96A5-0C851BE84820}.Debug|Any CPU.Build.0 = Debug|Any CPU
		{DC2AA89E-C9FC-45DD-96A5-0C851BE84820}.Release|Any CPU.ActiveCfg = Release|Any CPU
		{DC2AA89E-C9FC-45DD-96A5-0C851BE84820}.Release|Any CPU.Build.0 = Release|Any CPU
		{6551177D-EC6D-4580-B019-8FD7A78210EC}.Debug|Any CPU.ActiveCfg = Debug|Any CPU
		{6551177D-EC6D-4580-B019-8FD7A78210EC}.Debug|Any CPU.Build.0 = Debug|Any CPU
		{6551177D-EC6D-4580-B019-8FD7A78210EC}.Release|Any CPU.ActiveCfg = Release|Any CPU
		{6551177D-EC6D-4580-B019-8FD7A78210EC}.Release|Any CPU.Build.0 = Release|Any CPU
		{FA7F7511-89CE-4B3A-89DC-4CBC52074B02}.Debug|Any CPU.ActiveCfg = Debug|Any CPU
		{FA7F7511-89CE-4B3A-89DC-4CBC52074B02}.Debug|Any CPU.Build.0 = Debug|Any CPU
		{FA7F7511-89CE-4B3A-89DC-4CBC52074B02}.Release|Any CPU.ActiveCfg = Release|Any CPU
		{FA7F7511-89CE-4B3A-89DC-4CBC52074B02}.Release|Any CPU.Build.0 = Release|Any CPU
	EndGlobalSection
	GlobalSection(SolutionProperties) = preSolution
		HideSolutionNode = FALSE
	EndGlobalSection
	GlobalSection(NestedProjects) = preSolution
		{D8E6785B-AB3F-47CD-A7B0-80BC0D3FBDDA} = {410666FC-0436-45DD-8886-1FBD0D595FA6}
		{1AC1CB3A-98D0-499B-8AEF-7043C78A4DC6} = {944281C8-A25C-459C-9936-CC07E78E2F3C}
		{948121BA-9E79-4B6C-B215-67FABD36BB84} = {03D33FE5-5181-49FE-A412-637937D757DC}
		{C68A0E97-28F2-4368-B2D2-D259727A5E23} = {944281C8-A25C-459C-9936-CC07E78E2F3C}
		{DCAD985A-F79F-430E-85E8-456013AEDB53} = {944281C8-A25C-459C-9936-CC07E78E2F3C}
		{C5BD6183-ACA8-4341-B603-1518664EA06E} = {3E054005-8060-424C-9E17-F2483EA96606}
		{39B39A86-FCBB-4CE9-B25B-0DF970689906} = {0DB0153C-562B-4071-BBAE-9DFDE0D411C6}
		{DC2AA89E-C9FC-45DD-96A5-0C851BE84820} = {03D33FE5-5181-49FE-A412-637937D757DC}
		{6551177D-EC6D-4580-B019-8FD7A78210EC} = {03D33FE5-5181-49FE-A412-637937D757DC}
		{FA7F7511-89CE-4B3A-89DC-4CBC52074B02} = {03D33FE5-5181-49FE-A412-637937D757DC}
		{410666FC-0436-45DD-8886-1FBD0D595FA6} = {AB786327-E8BA-4046-BD4C-5387A897F324}
		{03D33FE5-5181-49FE-A412-637937D757DC} = {AB786327-E8BA-4046-BD4C-5387A897F324}
		{3E054005-8060-424C-9E17-F2483EA96606} = {AB786327-E8BA-4046-BD4C-5387A897F324}
	EndGlobalSection
	GlobalSection(ExtensibilityGlobals) = postSolution
		SolutionGuid = {938C7C97-E7DA-465A-B903-846CC9D2DC52}
	EndGlobalSection
EndGlobal
